schema: '2.0'
stages:
  data_ingestion:
    cmd: python src/data/data_ingestion.py
    deps:
    - path: src/data/data_ingestion.py
      hash: md5
      md5: 03544d7c315b71b6cb0a47db63075adb
      size: 4332
    params:
      params.yaml:
        data_ingestion.test_size: 0.2
    outs:
    - path: Data/raw
      hash: md5
      md5: d751713988987e9331980363e24189ce.dir
      size: 0
      nfiles: 0
